# This file is autogenerated, do not edit; changes may be undone by the next 'dep ensure'.


[[projects]]
  branch = "master"
  name = "github.com/jeanphorn/log4go"
  packages = ["."]
  revision = "617cc1d0be3c03ef4a409aec8c3fccea0aa36de7"

[[projects]]
  branch = "master"
  name = "github.com/toolkits/file"
  packages = ["."]
  revision = "a5b3c5147e07f934d9f9d00b901a20b2529f1a57"

[solve-meta]
  analyzer-name = "dep"
  analyzer-version = 1
  inputs-digest = "0600a60907b6214be5912fe9d0ee9a8a276d2a9ebda51e53e502b74b66d93f04"
  solver-name = "gps-cdcl"
  solver-version = 1
