# This file is autogenerated, do not edit; changes may be undone by the next 'dep ensure'.


[[projects]]
  branch = "master"
  digest = "1:4262d2f2ffa4d48518d6126d11ed70b4263579ba44a28be4c8bcd199e32a7f96"
  name = "github.com/jeanphorn/log4go"
  packages = ["."]
  pruneopts = ""
  revision = "617cc1d0be3c03ef4a409aec8c3fccea0aa36de7"

[[projects]]
  branch = "master"
  digest = "1:55aa487818b91b7fbaac5d2e2a19c7c9d31d05cee95553ec06646c7d1d33edaa"
  name = "github.com/toolkits/file"
  packages = ["."]
  pruneopts = ""
  revision = "a5b3c5147e07f934d9f9d00b901a20b2529f1a57"

[solve-meta]
  analyzer-name = "dep"
  analyzer-version = 1
  input-imports = ["github.com/jeanphorn/log4go"]
  solver-name = "gps-cdcl"
  solver-version = 1
